
Microsoft Visual Studio Solution File, Format Version 12.00
# Visual Studio Version 17
VisualStudioVersion = 17.8.34330.188
MinimumVisualStudioVersion = 10.0.40219.1
Project("{8BC9CEB8-8B4A-11D0-8D11-00A0C91BC942}") = "tìm ucnl bcln", "tìm ucnl bcln\tìm ucnl bcln.vcxproj", "{32CB0654-ECD3-41CA-9BC0-C755A9744EF9}"
EndProject
Global
	GlobalSection(SolutionConfigurationPlatforms) = preSolution
		Debug|x64 = Debug|x64
		Debug|x86 = Debug|x86
		Release|x64 = Release|x64
		Release|x86 = Release|x86
	EndGlobalSection
	GlobalSection(ProjectConfigurationPlatforms) = postSolution
		{32CB0654-ECD3-41CA-9BC0-C755A9744EF9}.Debug|x64.ActiveCfg = Debug|x64
		{32CB0654-ECD3-41CA-9BC0-C755A9744EF9}.Debug|x64.Build.0 = Debug|x64
		{32CB0654-ECD3-41CA-9BC0-C755A9744EF9}.Debug|x86.ActiveCfg = Debug|Win32
		{32CB0654-ECD3-41CA-9BC0-C755A9744EF9}.Debug|x86.Build.0 = Debug|Win32
		{32CB0654-ECD3-41CA-9BC0-C755A9744EF9}.Release|x64.ActiveCfg = Release|x64
		{32CB0654-ECD3-41CA-9BC0-C755A9744EF9}.Release|x64.Build.0 = Release|x64
		{32CB0654-ECD3-41CA-9BC0-C755A9744EF9}.Release|x86.ActiveCfg = Release|Win32
		{32CB0654-ECD3-41CA-9BC0-C755A9744EF9}.Release|x86.Build.0 = Release|Win32
	EndGlobalSection
	GlobalSection(SolutionProperties) = preSolution
		HideSolutionNode = FALSE
	EndGlobalSection
	GlobalSection(ExtensibilityGlobals) = postSolution
		SolutionGuid = {83361148-36BB-4375-AB68-72EE51C7A330}
	EndGlobalSection
EndGlobal
